// !$*UTF8*$!
{
	archiveVersion = 1;
	classes = {
	};
	objectVersion = 56;
	objects = {

/* Begin PBXBuildFile section */
		B626026E2ADC49FB0037A1D4 /* Mappers.swift in Sources */ = {isa = PBXBuildFile; fileRef = B626026D2ADC49FB0037A1D4 /* Mappers.swift */; };
		B62602722ADC4ABB0037A1D4 /* HomeCellModel.swift in Sources */ = {isa = PBXBuildFile; fileRef = B62602712ADC4ABB0037A1D4 /* HomeCellModel.swift */; };
		B62602752ADC4B370037A1D4 /* DetailModel.swift in Sources */ = {isa = PBXBuildFile; fileRef = B62602742ADC4B370037A1D4 /* DetailModel.swift */; };
		B6643B972AD0553100BB38D6 /* AppDelegate.swift in Sources */ = {isa = PBXBuildFile; fileRef = B6643B962AD0553100BB38D6 /* AppDelegate.swift */; };
		B6643B992AD0553100BB38D6 /* SceneDelegate.swift in Sources */ = {isa = PBXBuildFile; fileRef = B6643B982AD0553100BB38D6 /* SceneDelegate.swift */; };
		B6643BA02AD0553300BB38D6 /* Assets.xcassets in Resources */ = {isa = PBXBuildFile; fileRef = B6643B9F2AD0553300BB38D6 /* Assets.xcassets */; };
		B6643BA32AD0553300BB38D6 /* LaunchScreen.storyboard in Resources */ = {isa = PBXBuildFile; fileRef = B6643BA12AD0553300BB38D6 /* LaunchScreen.storyboard */; };
		B6643BAF2AD0563700BB38D6 /* CharacterModel.swift in Sources */ = {isa = PBXBuildFile; fileRef = B6643BAE2AD0563700BB38D6 /* CharacterModel.swift */; };
		B6643BB72AD05CB300BB38D6 /* SplashViewController.swift in Sources */ = {isa = PBXBuildFile; fileRef = B6643BB52AD05CB300BB38D6 /* SplashViewController.swift */; };
		B6643BB82AD05CB300BB38D6 /* SplashViewController.xib in Resources */ = {isa = PBXBuildFile; fileRef = B6643BB62AD05CB300BB38D6 /* SplashViewController.xib */; };
		B6643BBA2AD05DF400BB38D6 /* SplashViewModel.swift in Sources */ = {isa = PBXBuildFile; fileRef = B6643BB92AD05DF400BB38D6 /* SplashViewModel.swift */; };
		B6643BC22AD0607E00BB38D6 /* HomeTableViewCell.swift in Sources */ = {isa = PBXBuildFile; fileRef = B6643BC02AD0607E00BB38D6 /* HomeTableViewCell.swift */; };
		B6643BC32AD0607E00BB38D6 /* HomeTableViewCell.xib in Resources */ = {isa = PBXBuildFile; fileRef = B6643BC12AD0607E00BB38D6 /* HomeTableViewCell.xib */; };
		B6643BC62AD060BF00BB38D6 /* HomeTableViewController.swift in Sources */ = {isa = PBXBuildFile; fileRef = B6643BC42AD060BF00BB38D6 /* HomeTableViewController.swift */; };
		B6643BC72AD060BF00BB38D6 /* HomeTableViewController.xib in Resources */ = {isa = PBXBuildFile; fileRef = B6643BC52AD060BF00BB38D6 /* HomeTableViewController.xib */; };
		B6643BC92AD060EA00BB38D6 /* HomeViewModel.swift in Sources */ = {isa = PBXBuildFile; fileRef = B6643BC82AD060EA00BB38D6 /* HomeViewModel.swift */; };
		B6643BD02AD1D7B400BB38D6 /* DetailViewController.swift in Sources */ = {isa = PBXBuildFile; fileRef = B6643BCE2AD1D7B400BB38D6 /* DetailViewController.swift */; };
		B6643BD12AD1D7B400BB38D6 /* DetailViewController.xib in Resources */ = {isa = PBXBuildFile; fileRef = B6643BCF2AD1D7B400BB38D6 /* DetailViewController.xib */; };
		B6643BD32AD1DA4B00BB38D6 /* DetailViewModel.swift in Sources */ = {isa = PBXBuildFile; fileRef = B6643BD22AD1DA4B00BB38D6 /* DetailViewModel.swift */; };
/* End PBXBuildFile section */

/* Begin PBXFileReference section */
		B626026D2ADC49FB0037A1D4 /* Mappers.swift */ = {isa = PBXFileReference; lastKnownFileType = sourcecode.swift; path = Mappers.swift; sourceTree = "<group>"; };
		B62602712ADC4ABB0037A1D4 /* HomeCellModel.swift */ = {isa = PBXFileReference; lastKnownFileType = sourcecode.swift; path = HomeCellModel.swift; sourceTree = "<group>"; };
		B62602742ADC4B370037A1D4 /* DetailModel.swift */ = {isa = PBXFileReference; lastKnownFileType = sourcecode.swift; path = DetailModel.swift; sourceTree = "<group>"; };
		B6643B932AD0553000BB38D6 /* AppPatronesGabriel.app */ = {isa = PBXFileReference; explicitFileType = wrapper.application; includeInIndex = 0; path = AppPatronesGabriel.app; sourceTree = BUILT_PRODUCTS_DIR; };
		B6643B962AD0553100BB38D6 /* AppDelegate.swift */ = {isa = PBXFileReference; lastKnownFileType = sourcecode.swift; path = AppDelegate.swift; sourceTree = "<group>"; };
		B6643B982AD0553100BB38D6 /* SceneDelegate.swift */ = {isa = PBXFileReference; lastKnownFileType = sourcecode.swift; path = SceneDelegate.swift; sourceTree = "<group>"; };
		B6643B9F2AD0553300BB38D6 /* Assets.xcassets */ = {isa = PBXFileReference; lastKnownFileType = folder.assetcatalog; path = Assets.xcassets; sourceTree = "<group>"; };
		B6643BA22AD0553300BB38D6 /* Base */ = {isa = PBXFileReference; lastKnownFileType = file.storyboard; name = Base; path = Base.lproj/LaunchScreen.storyboard; sourceTree = "<group>"; };
		B6643BA42AD0553300BB38D6 /* Info.plist */ = {isa = PBXFileReference; lastKnownFileType = text.plist.xml; path = Info.plist; sourceTree = "<group>"; };
		B6643BAE2AD0563700BB38D6 /* CharacterModel.swift */ = {isa = PBXFileReference; lastKnownFileType = sourcecode.swift; path = CharacterModel.swift; sourceTree = "<group>"; };
		B6643BB52AD05CB300BB38D6 /* SplashViewController.swift */ = {isa = PBXFileReference; lastKnownFileType = sourcecode.swift; path = SplashViewController.swift; sourceTree = "<group>"; };
		B6643BB62AD05CB300BB38D6 /* SplashViewController.xib */ = {isa = PBXFileReference; lastKnownFileType = file.xib; path = SplashViewController.xib; sourceTree = "<group>"; };
		B6643BB92AD05DF400BB38D6 /* SplashViewModel.swift */ = {isa = PBXFileReference; lastKnownFileType = sourcecode.swift; path = SplashViewModel.swift; sourceTree = "<group>"; };
		B6643BC02AD0607E00BB38D6 /* HomeTableViewCell.swift */ = {isa = PBXFileReference; lastKnownFileType = sourcecode.swift; path = HomeTableViewCell.swift; sourceTree = "<group>"; };
		B6643BC12AD0607E00BB38D6 /* HomeTableViewCell.xib */ = {isa = PBXFileReference; lastKnownFileType = file.xib; path = HomeTableViewCell.xib; sourceTree = "<group>"; };
		B6643BC42AD060BF00BB38D6 /* HomeTableViewController.swift */ = {isa = PBXFileReference; lastKnownFileType = sourcecode.swift; path = HomeTableViewController.swift; sourceTree = "<group>"; };
		B6643BC52AD060BF00BB38D6 /* HomeTableViewController.xib */ = {isa = PBXFileReference; lastKnownFileType = file.xib; path = HomeTableViewController.xib; sourceTree = "<group>"; };
		B6643BC82AD060EA00BB38D6 /* HomeViewModel.swift */ = {isa = PBXFileReference; lastKnownFileType = sourcecode.swift; path = HomeViewModel.swift; sourceTree = "<group>"; };
		B6643BCE2AD1D7B400BB38D6 /* DetailViewController.swift */ = {isa = PBXFileReference; lastKnownFileType = sourcecode.swift; path = DetailViewController.swift; sourceTree = "<group>"; };
		B6643BCF2AD1D7B400BB38D6 /* DetailViewController.xib */ = {isa = PBXFileReference; lastKnownFileType = file.xib; path = DetailViewController.xib; sourceTree = "<group>"; };
		B6643BD22AD1DA4B00BB38D6 /* DetailViewModel.swift */ = {isa = PBXFileReference; lastKnownFileType = sourcecode.swift; path = DetailViewModel.swift; sourceTree = "<group>"; };
/* End PBXFileReference section */

/* Begin PBXFrameworksBuildPhase section */
		B6643B902AD0553000BB38D6 /* Frameworks */ = {
			isa = PBXFrameworksBuildPhase;
			buildActionMask = 2147483647;
			files = (
			);
			runOnlyForDeploymentPostprocessing = 0;
		};
/* End PBXFrameworksBuildPhase section */

/* Begin PBXGroup section */
		B626026C2ADC49D80037A1D4 /* Utils */ = {
			isa = PBXGroup;
			children = (
				B626026D2ADC49FB0037A1D4 /* Mappers.swift */,
			);
			path = Utils;
			sourceTree = "<group>";
		};
		B626026F2ADC4A860037A1D4 /* Model */ = {
			isa = PBXGroup;
			children = (
				B62602712ADC4ABB0037A1D4 /* HomeCellModel.swift */,
			);
			path = Model;
			sourceTree = "<group>";
		};
		B62602732ADC4B250037A1D4 /* Model */ = {
			isa = PBXGroup;
			children = (
				B62602742ADC4B370037A1D4 /* DetailModel.swift */,
			);
			path = Model;
			sourceTree = "<group>";
		};
		B6643B8A2AD0553000BB38D6 = {
			isa = PBXGroup;
			children = (
				B6643B952AD0553000BB38D6 /* AppPatronesGabriel */,
				B6643B942AD0553000BB38D6 /* Products */,
			);
			sourceTree = "<group>";
		};
		B6643B942AD0553000BB38D6 /* Products */ = {
			isa = PBXGroup;
			children = (
				B6643B932AD0553000BB38D6 /* AppPatronesGabriel.app */,
			);
			name = Products;
			sourceTree = "<group>";
		};
		B6643B952AD0553000BB38D6 /* AppPatronesGabriel */ = {
			isa = PBXGroup;
			children = (
				B6643BA42AD0553300BB38D6 /* Info.plist */,
				B6643BAA2AD055C500BB38D6 /* App */,
				B6643BAB2AD055DA00BB38D6 /* Resources */,
				B6643BAC2AD0561100BB38D6 /* Domain */,
				B626026C2ADC49D80037A1D4 /* Utils */,
				B6643BB02AD05B9D00BB38D6 /* UI */,
			);
			path = AppPatronesGabriel;
			sourceTree = "<group>";
		};
		B6643BAA2AD055C500BB38D6 /* App */ = {
			isa = PBXGroup;
			children = (
				B6643B982AD0553100BB38D6 /* SceneDelegate.swift */,
				B6643B962AD0553100BB38D6 /* AppDelegate.swift */,
			);
			path = App;
			sourceTree = "<group>";
		};
		B6643BAB2AD055DA00BB38D6 /* Resources */ = {
			isa = PBXGroup;
			children = (
				B6643B9F2AD0553300BB38D6 /* Assets.xcassets */,
			);
			path = Resources;
			sourceTree = "<group>";
		};
		B6643BAC2AD0561100BB38D6 /* Domain */ = {
			isa = PBXGroup;
			children = (
				B6643BAD2AD0562500BB38D6 /* Models */,
			);
			path = Domain;
			sourceTree = "<group>";
		};
		B6643BAD2AD0562500BB38D6 /* Models */ = {
			isa = PBXGroup;
			children = (
				B6643BAE2AD0563700BB38D6 /* CharacterModel.swift */,
			);
			path = Models;
			sourceTree = "<group>";
		};
		B6643BB02AD05B9D00BB38D6 /* UI */ = {
			isa = PBXGroup;
			children = (
				B6643BCA2AD1D73900BB38D6 /* Detail */,
				B6643BBB2AD0601C00BB38D6 /* Home */,
				B6643BB12AD05BB600BB38D6 /* Splash */,
			);
			path = UI;
			sourceTree = "<group>";
		};
		B6643BB12AD05BB600BB38D6 /* Splash */ = {
			isa = PBXGroup;
			children = (
				B6643BB22AD05BC800BB38D6 /* View */,
				B6643BB32AD05BD700BB38D6 /* Controller */,
				B6643BB42AD05BE300BB38D6 /* ViewModel */,
			);
			path = Splash;
			sourceTree = "<group>";
		};
		B6643BB22AD05BC800BB38D6 /* View */ = {
			isa = PBXGroup;
			children = (
				B6643BB62AD05CB300BB38D6 /* SplashViewController.xib */,
				B6643BA12AD0553300BB38D6 /* LaunchScreen.storyboard */,
			);
			path = View;
			sourceTree = "<group>";
		};
		B6643BB32AD05BD700BB38D6 /* Controller */ = {
			isa = PBXGroup;
			children = (
				B6643BB52AD05CB300BB38D6 /* SplashViewController.swift */,
			);
			path = Controller;
			sourceTree = "<group>";
		};
		B6643BB42AD05BE300BB38D6 /* ViewModel */ = {
			isa = PBXGroup;
			children = (
				B6643BB92AD05DF400BB38D6 /* SplashViewModel.swift */,
			);
			path = ViewModel;
			sourceTree = "<group>";
		};
		B6643BBB2AD0601C00BB38D6 /* Home */ = {
			isa = PBXGroup;
			children = (
				B626026F2ADC4A860037A1D4 /* Model */,
				B6643BBC2AD0602700BB38D6 /* Cell */,
				B6643BBD2AD0603000BB38D6 /* View */,
				B6643BBE2AD0603900BB38D6 /* Controller */,
				B6643BBF2AD0604400BB38D6 /* ViewModel */,
			);
			path = Home;
			sourceTree = "<group>";
		};
		B6643BBC2AD0602700BB38D6 /* Cell */ = {
			isa = PBXGroup;
			children = (
				B6643BC02AD0607E00BB38D6 /* HomeTableViewCell.swift */,
				B6643BC12AD0607E00BB38D6 /* HomeTableViewCell.xib */,
			);
			path = Cell;
			sourceTree = "<group>";
		};
		B6643BBD2AD0603000BB38D6 /* View */ = {
			isa = PBXGroup;
			children = (
				B6643BC52AD060BF00BB38D6 /* HomeTableViewController.xib */,
			);
			path = View;
			sourceTree = "<group>";
		};
		B6643BBE2AD0603900BB38D6 /* Controller */ = {
			isa = PBXGroup;
			children = (
				B6643BC42AD060BF00BB38D6 /* HomeTableViewController.swift */,
			);
			path = Controller;
			sourceTree = "<group>";
		};
		B6643BBF2AD0604400BB38D6 /* ViewModel */ = {
			isa = PBXGroup;
			children = (
				B6643BC82AD060EA00BB38D6 /* HomeViewModel.swift */,
			);
			path = ViewModel;
			sourceTree = "<group>";
		};
		B6643BCA2AD1D73900BB38D6 /* Detail */ = {
			isa = PBXGroup;
			children = (
				B62602732ADC4B250037A1D4 /* Model */,
				B6643BCB2AD1D76200BB38D6 /* View */,
				B6643BCC2AD1D76E00BB38D6 /* Controller */,
				B6643BCD2AD1D77600BB38D6 /* ViewModel */,
			);
			path = Detail;
			sourceTree = "<group>";
		};
		B6643BCB2AD1D76200BB38D6 /* View */ = {
			isa = PBXGroup;
			children = (
				B6643BCF2AD1D7B400BB38D6 /* DetailViewController.xib */,
			);
			path = View;
			sourceTree = "<group>";
		};
		B6643BCC2AD1D76E00BB38D6 /* Controller */ = {
			isa = PBXGroup;
			children = (
				B6643BCE2AD1D7B400BB38D6 /* DetailViewController.swift */,
			);
			path = Controller;
			sourceTree = "<group>";
		};
		B6643BCD2AD1D77600BB38D6 /* ViewModel */ = {
			isa = PBXGroup;
			children = (
				B6643BD22AD1DA4B00BB38D6 /* DetailViewModel.swift */,
			);
			path = ViewModel;
			sourceTree = "<group>";
		};
/* End PBXGroup section */

/* Begin PBXNativeTarget section */
		B6643B922AD0553000BB38D6 /* AppPatronesGabriel */ = {
			isa = PBXNativeTarget;
			buildConfigurationList = B6643BA72AD0553300BB38D6 /* Build configuration list for PBXNativeTarget "AppPatronesGabriel" */;
			buildPhases = (
				B6643B8F2AD0553000BB38D6 /* Sources */,
				B6643B902AD0553000BB38D6 /* Frameworks */,
				B6643B912AD0553000BB38D6 /* Resources */,
			);
			buildRules = (
			);
			dependencies = (
			);
			name = AppPatronesGabriel;
			productName = AppPatronesGabriel;
			productReference = B6643B932AD0553000BB38D6 /* AppPatronesGabriel.app */;
			productType = "com.apple.product-type.application";
		};
/* End PBXNativeTarget section */

/* Begin PBXProject section */
		B6643B8B2AD0553000BB38D6 /* Project object */ = {
			isa = PBXProject;
			attributes = {
				BuildIndependentTargetsInParallel = 1;
				LastSwiftUpdateCheck = 1500;
				LastUpgradeCheck = 1500;
				TargetAttributes = {
					B6643B922AD0553000BB38D6 = {
						CreatedOnToolsVersion = 15.0;
					};
				};
			};
			buildConfigurationList = B6643B8E2AD0553000BB38D6 /* Build configuration list for PBXProject "AppPatronesGabriel" */;
			compatibilityVersion = "Xcode 14.0";
			developmentRegion = en;
			hasScannedForEncodings = 0;
			knownRegions = (
				en,
				Base,
			);
			mainGroup = B6643B8A2AD0553000BB38D6;
			productRefGroup = B6643B942AD0553000BB38D6 /* Products */;
			projectDirPath = "";
			projectRoot = "";
			targets = (
				B6643B922AD0553000BB38D6 /* AppPatronesGabriel */,
			);
		};
/* End PBXProject section */

/* Begin PBXResourcesBuildPhase section */
		B6643B912AD0553000BB38D6 /* Resources */ = {
			isa = PBXResourcesBuildPhase;
			buildActionMask = 2147483647;
			files = (
				B6643BC72AD060BF00BB38D6 /* HomeTableViewController.xib in Resources */,
				B6643BD12AD1D7B400BB38D6 /* DetailViewController.xib in Resources */,
				B6643BA32AD0553300BB38D6 /* LaunchScreen.storyboard in Resources */,
				B6643BB82AD05CB300BB38D6 /* SplashViewController.xib in Resources */,
				B6643BC32AD0607E00BB38D6 /* HomeTableViewCell.xib in Resources */,
				B6643BA02AD0553300BB38D6 /* Assets.xcassets in Resources */,
			);
			runOnlyForDeploymentPostprocessing = 0;
		};
/* End PBXResourcesBuildPhase section */

/* Begin PBXSourcesBuildPhase section */
		B6643B8F2AD0553000BB38D6 /* Sources */ = {
			isa = PBXSourcesBuildPhase;
			buildActionMask = 2147483647;
			files = (
				B6643BD02AD1D7B400BB38D6 /* DetailViewController.swift in Sources */,
				B62602752ADC4B370037A1D4 /* DetailModel.swift in Sources */,
				B6643BC22AD0607E00BB38D6 /* HomeTableViewCell.swift in Sources */,
				B6643BBA2AD05DF400BB38D6 /* SplashViewModel.swift in Sources */,
				B6643BD32AD1DA4B00BB38D6 /* DetailViewModel.swift in Sources */,
				B6643BAF2AD0563700BB38D6 /* CharacterModel.swift in Sources */,
				B6643BC92AD060EA00BB38D6 /* HomeViewModel.swift in Sources */,
				B626026E2ADC49FB0037A1D4 /* Mappers.swift in Sources */,
				B6643B972AD0553100BB38D6 /* AppDelegate.swift in Sources */,
				B62602722ADC4ABB0037A1D4 /* HomeCellModel.swift in Sources */,
				B6643BC62AD060BF00BB38D6 /* HomeTableViewController.swift in Sources */,
				B6643B992AD0553100BB38D6 /* SceneDelegate.swift in Sources */,
				B6643BB72AD05CB300BB38D6 /* SplashViewController.swift in Sources */,
			);
			runOnlyForDeploymentPostprocessing = 0;
		};
/* End PBXSourcesBuildPhase section */

/* Begin PBXVariantGroup section */
		B6643BA12AD0553300BB38D6 /* LaunchScreen.storyboard */ = {
			isa = PBXVariantGroup;
			children = (
				B6643BA22AD0553300BB38D6 /* Base */,
			);
			name = LaunchScreen.storyboard;
			sourceTree = "<group>";
		};
/* End PBXVariantGroup section */

/* Begin XCBuildConfiguration section */
		B6643BA52AD0553300BB38D6 /* Debug */ = {
			isa = XCBuildConfiguration;
			buildSettings = {
				ALWAYS_SEARCH_USER_PATHS = NO;
				ASSETCATALOG_COMPILER_GENERATE_SWIFT_ASSET_SYMBOL_EXTENSIONS = YES;
				CLANG_ANALYZER_NONNULL = YES;
				CLANG_ANALYZER_NUMBER_OBJECT_CONVERSION = YES_AGGRESSIVE;
				CLANG_CXX_LANGUAGE_STANDARD = "gnu++20";
				CLANG_ENABLE_MODULES = YES;
				CLANG_ENABLE_OBJC_ARC = YES;
				CLANG_ENABLE_OBJC_WEAK = YES;
				CLANG_WARN_BLOCK_CAPTURE_AUTORELEASING = YES;
				CLANG_WARN_BOOL_CONVERSION = YES;
				CLANG_WARN_COMMA = YES;
				CLANG_WARN_CONSTANT_CONVERSION = YES;
				CLANG_WARN_DEPRECATED_OBJC_IMPLEMENTATIONS = YES;
				CLANG_WARN_DIRECT_OBJC_ISA_USAGE = YES_ERROR;
				CLANG_WARN_DOCUMENTATION_COMMENTS = YES;
				CLANG_WARN_EMPTY_BODY = YES;
				CLANG_WARN_ENUM_CONVERSION = YES;
				CLANG_WARN_INFINITE_RECURSION = YES;
				CLANG_WARN_INT_CONVERSION = YES;
				CLANG_WARN_NON_LITERAL_NULL_CONVERSION = YES;
				CLANG_WARN_OBJC_IMPLICIT_RETAIN_SELF = YES;
				CLANG_WARN_OBJC_LITERAL_CONVERSION = YES;
				CLANG_WARN_OBJC_ROOT_CLASS = YES_ERROR;
				CLANG_WARN_QUOTED_INCLUDE_IN_FRAMEWORK_HEADER = YES;
				CLANG_WARN_RANGE_LOOP_ANALYSIS = YES;
				CLANG_WARN_STRICT_PROTOTYPES = YES;
				CLANG_WARN_SUSPICIOUS_MOVE = YES;
				CLANG_WARN_UNGUARDED_AVAILABILITY = YES_AGGRESSIVE;
				CLANG_WARN_UNREACHABLE_CODE = YES;
				CLANG_WARN__DUPLICATE_METHOD_MATCH = YES;
				COPY_PHASE_STRIP = NO;
				DEBUG_INFORMATION_FORMAT = dwarf;
				ENABLE_STRICT_OBJC_MSGSEND = YES;
				ENABLE_TESTABILITY = YES;
				ENABLE_USER_SCRIPT_SANDBOXING = YES;
				GCC_C_LANGUAGE_STANDARD = gnu17;
				GCC_DYNAMIC_NO_PIC = NO;
				GCC_NO_COMMON_BLOCKS = YES;
				GCC_OPTIMIZATION_LEVEL = 0;
				GCC_PREPROCESSOR_DEFINITIONS = (
					"DEBUG=1",
					"$(inherited)",
				);
				GCC_WARN_64_TO_32_BIT_CONVERSION = YES;
				GCC_WARN_ABOUT_RETURN_TYPE = YES_ERROR;
				GCC_WARN_UNDECLARED_SELECTOR = YES;
				GCC_WARN_UNINITIALIZED_AUTOS = YES_AGGRESSIVE;
				GCC_WARN_UNUSED_FUNCTION = YES;
				GCC_WARN_UNUSED_VARIABLE = YES;
				IPHONEOS_DEPLOYMENT_TARGET = 17.0;
				LOCALIZATION_PREFERS_STRING_CATALOGS = YES;
				MTL_ENABLE_DEBUG_INFO = INCLUDE_SOURCE;
				MTL_FAST_MATH = YES;
				ONLY_ACTIVE_ARCH = YES;
				SDKROOT = iphoneos;
				SWIFT_ACTIVE_COMPILATION_CONDITIONS = "DEBUG $(inherited)";
				SWIFT_OPTIMIZATION_LEVEL = "-Onone";
			};
			name = Debug;
		};
		B6643BA62AD0553300BB38D6 /* Release */ = {
			isa = XCBuildConfiguration;
			buildSettings = {
				ALWAYS_SEARCH_USER_PATHS = NO;
				ASSETCATALOG_COMPILER_GENERATE_SWIFT_ASSET_SYMBOL_EXTENSIONS = YES;
				CLANG_ANALYZER_NONNULL = YES;
				CLANG_ANALYZER_NUMBER_OBJECT_CONVERSION = YES_AGGRESSIVE;
				CLANG_CXX_LANGUAGE_STANDARD = "gnu++20";
				CLANG_ENABLE_MODULES = YES;
				CLANG_ENABLE_OBJC_ARC = YES;
				CLANG_ENABLE_OBJC_WEAK = YES;
				CLANG_WARN_BLOCK_CAPTURE_AUTORELEASING = YES;
				CLANG_WARN_BOOL_CONVERSION = YES;
				CLANG_WARN_COMMA = YES;
				CLANG_WARN_CONSTANT_CONVERSION = YES;
				CLANG_WARN_DEPRECATED_OBJC_IMPLEMENTATIONS = YES;
				CLANG_WARN_DIRECT_OBJC_ISA_USAGE = YES_ERROR;
				CLANG_WARN_DOCUMENTATION_COMMENTS = YES;
				CLANG_WARN_EMPTY_BODY = YES;
				CLANG_WARN_ENUM_CONVERSION = YES;
				CLANG_WARN_INFINITE_RECURSION = YES;
				CLANG_WARN_INT_CONVERSION = YES;
				CLANG_WARN_NON_LITERAL_NULL_CONVERSION = YES;
				CLANG_WARN_OBJC_IMPLICIT_RETAIN_SELF = YES;
				CLANG_WARN_OBJC_LITERAL_CONVERSION = YES;
				CLANG_WARN_OBJC_ROOT_CLASS = YES_ERROR;
				CLANG_WARN_QUOTED_INCLUDE_IN_FRAMEWORK_HEADER = YES;
				CLANG_WARN_RANGE_LOOP_ANALYSIS = YES;
				CLANG_WARN_STRICT_PROTOTYPES = YES;
				CLANG_WARN_SUSPICIOUS_MOVE = YES;
				CLANG_WARN_UNGUARDED_AVAILABILITY = YES_AGGRESSIVE;
				CLANG_WARN_UNREACHABLE_CODE = YES;
				CLANG_WARN__DUPLICATE_METHOD_MATCH = YES;
				COPY_PHASE_STRIP = NO;
				DEBUG_INFORMATION_FORMAT = "dwarf-with-dsym";
				ENABLE_NS_ASSERTIONS = NO;
				ENABLE_STRICT_OBJC_MSGSEND = YES;
				ENABLE_USER_SCRIPT_SANDBOXING = YES;
				GCC_C_LANGUAGE_STANDARD = gnu17;
				GCC_NO_COMMON_BLOCKS = YES;
				GCC_WARN_64_TO_32_BIT_CONVERSION = YES;
				GCC_WARN_ABOUT_RETURN_TYPE = YES_ERROR;
				GCC_WARN_UNDECLARED_SELECTOR = YES;
				GCC_WARN_UNINITIALIZED_AUTOS = YES_AGGRESSIVE;
				GCC_WARN_UNUSED_FUNCTION = YES;
				GCC_WARN_UNUSED_VARIABLE = YES;
				IPHONEOS_DEPLOYMENT_TARGET = 17.0;
				LOCALIZATION_PREFERS_STRING_CATALOGS = YES;
				MTL_ENABLE_DEBUG_INFO = NO;
				MTL_FAST_MATH = YES;
				SDKROOT = iphoneos;
				SWIFT_COMPILATION_MODE = wholemodule;
				VALIDATE_PRODUCT = YES;
			};
			name = Release;
		};
		B6643BA82AD0553300BB38D6 /* Debug */ = {
			isa = XCBuildConfiguration;
			buildSettings = {
				ASSETCATALOG_COMPILER_APPICON_NAME = AppIcon;
				ASSETCATALOG_COMPILER_GLOBAL_ACCENT_COLOR_NAME = AccentColor;
				CODE_SIGN_STYLE = Automatic;
				CURRENT_PROJECT_VERSION = 1;
				DEVELOPMENT_TEAM = BWT3NJX9MX;
				GENERATE_INFOPLIST_FILE = YES;
				INFOPLIST_FILE = AppPatronesGabriel/Info.plist;
				INFOPLIST_KEY_UIApplicationSupportsIndirectInputEvents = YES;
				INFOPLIST_KEY_UILaunchStoryboardName = LaunchScreen;
				INFOPLIST_KEY_UISupportedInterfaceOrientations_iPad = "UIInterfaceOrientationPortrait UIInterfaceOrientationPortraitUpsideDown UIInterfaceOrientationLandscapeLeft UIInterfaceOrientationLandscapeRight";
				INFOPLIST_KEY_UISupportedInterfaceOrientations_iPhone = "UIInterfaceOrientationPortrait UIInterfaceOrientationLandscapeLeft UIInterfaceOrientationLandscapeRight";
				LD_RUNPATH_SEARCH_PATHS = (
					"$(inherited)",
					"@executable_path/Frameworks",
				);
				MARKETING_VERSION = 1.0;
				PRODUCT_BUNDLE_IDENTIFIER = com.gabrielcastro.AppPatronesGabriel;
				PRODUCT_NAME = "$(TARGET_NAME)";
				SWIFT_EMIT_LOC_STRINGS = YES;
				SWIFT_VERSION = 5.0;
				TARGETED_DEVICE_FAMILY = "1,2";
			};
			name = Debug;
		};
		B6643BA92AD0553300BB38D6 /* Release */ = {
			isa = XCBuildConfiguration;
			buildSettings = {
				ASSETCATALOG_COMPILER_APPICON_NAME = AppIcon;
				ASSETCATALOG_COMPILER_GLOBAL_ACCENT_COLOR_NAME = AccentColor;
				CODE_SIGN_STYLE = Automatic;
				CURRENT_PROJECT_VERSION = 1;
				DEVELOPMENT_TEAM = BWT3NJX9MX;
				GENERATE_INFOPLIST_FILE = YES;
				INFOPLIST_FILE = AppPatronesGabriel/Info.plist;
				INFOPLIST_KEY_UIApplicationSupportsIndirectInputEvents = YES;
				INFOPLIST_KEY_UILaunchStoryboardName = LaunchScreen;
				INFOPLIST_KEY_UISupportedInterfaceOrientations_iPad = "UIInterfaceOrientationPortrait UIInterfaceOrientationPortraitUpsideDown UIInterfaceOrientationLandscapeLeft UIInterfaceOrientationLandscapeRight";
				INFOPLIST_KEY_UISupportedInterfaceOrientations_iPhone = "UIInterfaceOrientationPortrait UIInterfaceOrientationLandscapeLeft UIInterfaceOrientationLandscapeRight";
				LD_RUNPATH_SEARCH_PATHS = (
					"$(inherited)",
					"@executable_path/Frameworks",
				);
				MARKETING_VERSION = 1.0;
				PRODUCT_BUNDLE_IDENTIFIER = com.gabrielcastro.AppPatronesGabriel;
				PRODUCT_NAME = "$(TARGET_NAME)";
				SWIFT_EMIT_LOC_STRINGS = YES;
				SWIFT_VERSION = 5.0;
				TARGETED_DEVICE_FAMILY = "1,2";
			};
			name = Release;
		};
/* End XCBuildConfiguration section */

/* Begin XCConfigurationList section */
		B6643B8E2AD0553000BB38D6 /* Build configuration list for PBXProject "AppPatronesGabriel" */ = {
			isa = XCConfigurationList;
			buildConfigurations = (
				B6643BA52AD0553300BB38D6 /* Debug */,
				B6643BA62AD0553300BB38D6 /* Release */,
			);
			defaultConfigurationIsVisible = 0;
			defaultConfigurationName = Release;
		};
		B6643BA72AD0553300BB38D6 /* Build configuration list for PBXNativeTarget "AppPatronesGabriel" */ = {
			isa = XCConfigurationList;
			buildConfigurations = (
				B6643BA82AD0553300BB38D6 /* Debug */,
				B6643BA92AD0553300BB38D6 /* Release */,
			);
			defaultConfigurationIsVisible = 0;
			defaultConfigurationName = Release;
		};
/* End XCConfigurationList section */
	};
	rootObject = B6643B8B2AD0553000BB38D6 /* Project object */;
}
